
Microsoft Visual Studio Solution File, Format Version 12.00
# Visual Studio Version 17
VisualStudioVersion = 17.13.35913.81 d17.13
MinimumVisualStudioVersion = 10.0.40219.1
Project("{FAE04EC0-301F-11D3-BF4B-00C04F79EFBC}") = "AutosGUI", "AutosGUI\AutosGUI.csproj", "{E1640E98-E002-4116-8629-2C2CA4CF9293}"
EndProject
Global
	GlobalSection(SolutionConfigurationPlatforms) = preSolution
		Debug|Any CPU = Debug|Any CPU
		Release|Any CPU = Release|Any CPU
	EndGlobalSection
	GlobalSection(ProjectConfigurationPlatforms) = postSolution
		{E1640E98-E002-4116-8629-2C2CA4CF9293}.Debug|Any CPU.ActiveCfg = Debug|Any CPU
		{E1640E98-E002-4116-8629-2C2CA4CF9293}.Debug|Any CPU.Build.0 = Debug|Any CPU
		{E1640E98-E002-4116-8629-2C2CA4CF9293}.Release|Any CPU.ActiveCfg = Release|Any CPU
		{E1640E98-E002-4116-8629-2C2CA4CF9293}.Release|Any CPU.Build.0 = Release|Any CPU
	EndGlobalSection
	GlobalSection(SolutionProperties) = preSolution
		HideSolutionNode = FALSE
	EndGlobalSection
	GlobalSection(ExtensibilityGlobals) = postSolution
		SolutionGuid = {B10CD6EA-AD1E-49DD-B8A3-6E1B83CC5C75}
	EndGlobalSection
EndGlobal
